
Microsoft Visual Studio Solution File, Format Version 12.00
# Visual Studio Version 16
VisualStudioVersion = 16.0.30413.136
MinimumVisualStudioVersion = 10.0.40219.1
Project("{9A19103F-16F7-4668-BE54-9A1E7A4F7556}") = "DataAccess", "DataAccess\DataAccess.csproj", "{BF235BF1-5E2C-4885-8E72-4BEB58B2DF48}"
EndProject
Project("{9A19103F-16F7-4668-BE54-9A1E7A4F7556}") = "TestProject.Library", "TestProject.Library\TestProject.Library.csproj", "{0131CE3C-0DAD-4DAD-8A37-6D8D3F9ACECB}"
EndProject
Project("{9A19103F-16F7-4668-BE54-9A1E7A4F7556}") = "TestProject.API", "TestProject.API\TestProject.API.csproj", "{29E00F1F-27C0-4419-BB25-D2D48D044A03}"
EndProject
Project("{FAE04EC0-301F-11D3-BF4B-00C04F79EFBC}") = "TestProject.Tests", "TestProject.Tests\TestProject.Tests.csproj", "{CC23734B-1C40-456A-A5D2-DF26F75903A7}"
EndProject
Global
	GlobalSection(SolutionConfigurationPlatforms) = preSolution
		Debug|Any CPU = Debug|Any CPU
		Release|Any CPU = Release|Any CPU
	EndGlobalSection
	GlobalSection(ProjectConfigurationPlatforms) = postSolution
		{BF235BF1-5E2C-4885-8E72-4BEB58B2DF48}.Debug|Any CPU.ActiveCfg = Debug|Any CPU
		{BF235BF1-5E2C-4885-8E72-4BEB58B2DF48}.Debug|Any CPU.Build.0 = Debug|Any CPU
		{BF235BF1-5E2C-4885-8E72-4BEB58B2DF48}.Release|Any CPU.ActiveCfg = Release|Any CPU
		{BF235BF1-5E2C-4885-8E72-4BEB58B2DF48}.Release|Any CPU.Build.0 = Release|Any CPU
		{0131CE3C-0DAD-4DAD-8A37-6D8D3F9ACECB}.Debug|Any CPU.ActiveCfg = Debug|Any CPU
		{0131CE3C-0DAD-4DAD-8A37-6D8D3F9ACECB}.Debug|Any CPU.Build.0 = Debug|Any CPU
		{0131CE3C-0DAD-4DAD-8A37-6D8D3F9ACECB}.Release|Any CPU.ActiveCfg = Release|Any CPU
		{0131CE3C-0DAD-4DAD-8A37-6D8D3F9ACECB}.Release|Any CPU.Build.0 = Release|Any CPU
		{29E00F1F-27C0-4419-BB25-D2D48D044A03}.Debug|Any CPU.ActiveCfg = Debug|Any CPU
		{29E00F1F-27C0-4419-BB25-D2D48D044A03}.Debug|Any CPU.Build.0 = Debug|Any CPU
		{29E00F1F-27C0-4419-BB25-D2D48D044A03}.Release|Any CPU.ActiveCfg = Release|Any CPU
		{29E00F1F-27C0-4419-BB25-D2D48D044A03}.Release|Any CPU.Build.0 = Release|Any CPU
		{CC23734B-1C40-456A-A5D2-DF26F75903A7}.Debug|Any CPU.ActiveCfg = Debug|Any CPU
		{CC23734B-1C40-456A-A5D2-DF26F75903A7}.Debug|Any CPU.Build.0 = Debug|Any CPU
		{CC23734B-1C40-456A-A5D2-DF26F75903A7}.Release|Any CPU.ActiveCfg = Release|Any CPU
		{CC23734B-1C40-456A-A5D2-DF26F75903A7}.Release|Any CPU.Build.0 = Release|Any CPU
	EndGlobalSection
	GlobalSection(SolutionProperties) = preSolution
		HideSolutionNode = FALSE
	EndGlobalSection
	GlobalSection(ExtensibilityGlobals) = postSolution
		SolutionGuid = {BDF66B30-F316-42DA-9EDA-41F21D22C6DA}
	EndGlobalSection
EndGlobal
